
Microsoft Visual Studio Solution File, Format Version 12.00
# Visual Studio Version 17
VisualStudioVersion = 17.10.34928.147
MinimumVisualStudioVersion = 10.0.40219.1
Project("{9A19103F-16F7-4668-BE54-9A1E7A4F7556}") = "CommonLibs", "CommonLibs\CommonLibs.csproj", "{DCE1EC46-D085-46C8-B116-C1285C40944F}"
EndProject
Project("{9A19103F-16F7-4668-BE54-9A1E7A4F7556}") = "PhoneShop.DataAccess", "PhoneShop.DataAccess\PhoneShop.DataAccess.csproj", "{1D9137B2-563D-4B16-82FB-B1E5EDA151F9}"
EndProject
Project("{9A19103F-16F7-4668-BE54-9A1E7A4F7556}") = "PhoneShop", "PhoneShop\PhoneShop.csproj", "{601AC231-F99B-480D-BB3C-4D757FFFB99D}"
EndProject
Project("{9A19103F-16F7-4668-BE54-9A1E7A4F7556}") = "PhoneShopAPI", "PhoneShopAPI\PhoneShopAPI.csproj", "{1B280B84-9633-478C-8204-8F6FA29549CF}"
EndProject
Project("{FAE04EC0-301F-11D3-BF4B-00C04F79EFBC}") = "PhoneShop.Media", "PhoneShop.Media\PhoneShop.Media.csproj", "{F50BBC1E-2375-407C-97C9-DEFD4F6F3125}"
EndProject
Global
	GlobalSection(SolutionConfigurationPlatforms) = preSolution
		Debug|Any CPU = Debug|Any CPU
		Release|Any CPU = Release|Any CPU
	EndGlobalSection
	GlobalSection(ProjectConfigurationPlatforms) = postSolution
		{DCE1EC46-D085-46C8-B116-C1285C40944F}.Debug|Any CPU.ActiveCfg = Debug|Any CPU
		{DCE1EC46-D085-46C8-B116-C1285C40944F}.Debug|Any CPU.Build.0 = Debug|Any CPU
		{DCE1EC46-D085-46C8-B116-C1285C40944F}.Release|Any CPU.ActiveCfg = Release|Any CPU
		{DCE1EC46-D085-46C8-B116-C1285C40944F}.Release|Any CPU.Build.0 = Release|Any CPU
		{1D9137B2-563D-4B16-82FB-B1E5EDA151F9}.Debug|Any CPU.ActiveCfg = Debug|Any CPU
		{1D9137B2-563D-4B16-82FB-B1E5EDA151F9}.Debug|Any CPU.Build.0 = Debug|Any CPU
		{1D9137B2-563D-4B16-82FB-B1E5EDA151F9}.Release|Any CPU.ActiveCfg = Release|Any CPU
		{1D9137B2-563D-4B16-82FB-B1E5EDA151F9}.Release|Any CPU.Build.0 = Release|Any CPU
		{601AC231-F99B-480D-BB3C-4D757FFFB99D}.Debug|Any CPU.ActiveCfg = Debug|Any CPU
		{601AC231-F99B-480D-BB3C-4D757FFFB99D}.Debug|Any CPU.Build.0 = Debug|Any CPU
		{601AC231-F99B-480D-BB3C-4D757FFFB99D}.Release|Any CPU.ActiveCfg = Release|Any CPU
		{601AC231-F99B-480D-BB3C-4D757FFFB99D}.Release|Any CPU.Build.0 = Release|Any CPU
		{1B280B84-9633-478C-8204-8F6FA29549CF}.Debug|Any CPU.ActiveCfg = Debug|Any CPU
		{1B280B84-9633-478C-8204-8F6FA29549CF}.Debug|Any CPU.Build.0 = Debug|Any CPU
		{1B280B84-9633-478C-8204-8F6FA29549CF}.Release|Any CPU.ActiveCfg = Release|Any CPU
		{1B280B84-9633-478C-8204-8F6FA29549CF}.Release|Any CPU.Build.0 = Release|Any CPU
		{F50BBC1E-2375-407C-97C9-DEFD4F6F3125}.Debug|Any CPU.ActiveCfg = Debug|Any CPU
		{F50BBC1E-2375-407C-97C9-DEFD4F6F3125}.Debug|Any CPU.Build.0 = Debug|Any CPU
		{F50BBC1E-2375-407C-97C9-DEFD4F6F3125}.Release|Any CPU.ActiveCfg = Release|Any CPU
		{F50BBC1E-2375-407C-97C9-DEFD4F6F3125}.Release|Any CPU.Build.0 = Release|Any CPU
	EndGlobalSection
	GlobalSection(SolutionProperties) = preSolution
		HideSolutionNode = FALSE
	EndGlobalSection
	GlobalSection(ExtensibilityGlobals) = postSolution
		SolutionGuid = {7ACD4983-33D7-4760-90C4-01BD5874DFF4}
	EndGlobalSection
EndGlobal
